{
  "version": 4,
  "terraform_version": "0.12.3",
  "serial": 196,
  "lineage": "7223dba4-261b-719e-a75d-e1ac52dcfd16",
  "outputs": {},
  "resources": [
    {
      "mode": "managed",
      "type": "azurerm_network_interface",
      "name": "main",
      "provider": "provider.azurerm",
      "instances": [
        {
          "schema_version": 0,
          "attributes": {
            "applied_dns_servers": [],
            "dns_servers": [],
            "enable_accelerated_networking": false,
            "enable_ip_forwarding": false,
            "id": "/subscriptions/55aecc9a-398c-40e9-8b7a-4b2cb55fb191/resourceGroups/TheNexus-resources-g/providers/Microsoft.Network/networkInterfaces/TheNexus-nic-jenkins",
            "internal_dns_name_label": "",
            "internal_fqdn": "",
            "ip_configuration": [
              {
                "application_gateway_backend_address_pools_ids": [],
                "application_security_group_ids": [],
                "load_balancer_backend_address_pools_ids": [],
                "load_balancer_inbound_nat_rules_ids": [],
                "name": "ipconfig-jenkins",
                "primary": true,
                "private_ip_address": "",
                "private_ip_address_allocation": "dynamic",
                "private_ip_address_version": "IPv4",
                "public_ip_address_id": "/subscriptions/55aecc9a-398c-40e9-8b7a-4b2cb55fb191/resourceGroups/TheNexus-resources-g/providers/Microsoft.Network/publicIPAddresses/pubIP-jenkins",
                "subnet_id": "/subscriptions/55aecc9a-398c-40e9-8b7a-4b2cb55fb191/resourceGroups/TheNexus-resources-g/providers/Microsoft.Network/virtualNetworks/TheNexus-network/subnets/internal"
              }
            ],
            "location": "uksouth",
            "mac_address": "",
            "name": "TheNexus-nic-jenkins",
            "network_security_group_id": "/subscriptions/55aecc9a-398c-40e9-8b7a-4b2cb55fb191/resourceGroups/TheNexus-resources-g/providers/Microsoft.Network/networkSecurityGroups/TheNexus-nsg",
            "private_ip_address": "10.0.2.4",
            "private_ip_addresses": [
              "10.0.2.4"
            ],
            "resource_group_name": "TheNexus-resources-g",
            "tags": {},
            "virtual_machine_id": null
          },
          "private": "bnVsbA==",
          "depends_on": [
            "azurerm_network_security_group.main",
            "azurerm_public_ip.main",
            "azurerm_resource_group.main",
            "azurerm_subnet.internal"
          ]
        }
      ]
    },
    {
      "mode": "managed",
      "type": "azurerm_network_interface",
      "name": "pyserver",
      "provider": "provider.azurerm",
      "instances": [
        {
          "schema_version": 0,
          "attributes": {
            "applied_dns_servers": [],
            "dns_servers": [],
            "enable_accelerated_networking": false,
            "enable_ip_forwarding": false,
            "id": "/subscriptions/55aecc9a-398c-40e9-8b7a-4b2cb55fb191/resourceGroups/TheNexus-resources-g/providers/Microsoft.Network/networkInterfaces/TheNexus-nic",
            "internal_dns_name_label": "",
            "internal_fqdn": "",
            "ip_configuration": [
              {
                "application_gateway_backend_address_pools_ids": [],
                "application_security_group_ids": [],
                "load_balancer_backend_address_pools_ids": [],
                "load_balancer_inbound_nat_rules_ids": [],
                "name": "ipconfiguration",
                "primary": true,
                "private_ip_address": "",
                "private_ip_address_allocation": "dynamic",
                "private_ip_address_version": "IPv4",
                "public_ip_address_id": "/subscriptions/55aecc9a-398c-40e9-8b7a-4b2cb55fb191/resourceGroups/TheNexus-resources-g/providers/Microsoft.Network/publicIPAddresses/pubIP-slave",
                "subnet_id": "/subscriptions/55aecc9a-398c-40e9-8b7a-4b2cb55fb191/resourceGroups/TheNexus-resources-g/providers/Microsoft.Network/virtualNetworks/TheNexus-network/subnets/internal"
              }
            ],
            "location": "uksouth",
            "mac_address": "00-0D-3A-7E-AC-FD",
            "name": "TheNexus-nic",
            "network_security_group_id": "/subscriptions/55aecc9a-398c-40e9-8b7a-4b2cb55fb191/resourceGroups/TheNexus-resources-g/providers/Microsoft.Network/networkSecurityGroups/TheNexus-nsg",
            "private_ip_address": "10.0.2.4",
            "private_ip_addresses": [
              "10.0.2.4"
            ],
            "resource_group_name": "TheNexus-resources-g",
            "tags": {},
            "virtual_machine_id": "/subscriptions/55aecc9a-398c-40e9-8b7a-4b2cb55fb191/resourceGroups/TheNexus-resources-g/providers/Microsoft.Compute/virtualMachines/TheNexus-jenkins"
          }
        }
      ]
    },
    {
      "mode": "managed",
      "type": "azurerm_network_interface",
      "name": "slave",
      "provider": "provider.azurerm",
      "instances": [
        {
          "schema_version": 0,
          "attributes": {
            "applied_dns_servers": [],
            "dns_servers": [],
            "enable_accelerated_networking": false,
            "enable_ip_forwarding": false,
            "id": "/subscriptions/55aecc9a-398c-40e9-8b7a-4b2cb55fb191/resourceGroups/TheNexus-resources-g/providers/Microsoft.Network/networkInterfaces/TheNexus-nic",
            "internal_dns_name_label": "",
            "internal_fqdn": "",
            "ip_configuration": [
              {
                "application_gateway_backend_address_pools_ids": [],
                "application_security_group_ids": [],
                "load_balancer_backend_address_pools_ids": [],
                "load_balancer_inbound_nat_rules_ids": [],
                "name": "ipconfiguration",
                "primary": true,
                "private_ip_address": "",
                "private_ip_address_allocation": "dynamic",
                "private_ip_address_version": "IPv4",
                "public_ip_address_id": "/subscriptions/55aecc9a-398c-40e9-8b7a-4b2cb55fb191/resourceGroups/TheNexus-resources-g/providers/Microsoft.Network/publicIPAddresses/pubIP-slave",
                "subnet_id": "/subscriptions/55aecc9a-398c-40e9-8b7a-4b2cb55fb191/resourceGroups/TheNexus-resources-g/providers/Microsoft.Network/virtualNetworks/TheNexus-network/subnets/internal"
              }
            ],
            "location": "uksouth",
            "mac_address": "00-0D-3A-7E-AC-FD",
            "name": "TheNexus-nic",
            "network_security_group_id": "/subscriptions/55aecc9a-398c-40e9-8b7a-4b2cb55fb191/resourceGroups/TheNexus-resources-g/providers/Microsoft.Network/networkSecurityGroups/TheNexus-nsg",
            "private_ip_address": "10.0.2.4",
            "private_ip_addresses": [
              "10.0.2.4"
            ],
            "resource_group_name": "TheNexus-resources-g",
            "tags": {},
            "virtual_machine_id": "/subscriptions/55aecc9a-398c-40e9-8b7a-4b2cb55fb191/resourceGroups/TheNexus-resources-g/providers/Microsoft.Compute/virtualMachines/TheNexus-jenkins"
          }
        }
      ]
    },
    {
      "mode": "managed",
      "type": "azurerm_network_security_group",
      "name": "main",
      "provider": "provider.azurerm",
      "instances": [
        {
          "schema_version": 0,
          "attributes": {
            "id": "/subscriptions/55aecc9a-398c-40e9-8b7a-4b2cb55fb191/resourceGroups/TheNexus-resources-g/providers/Microsoft.Network/networkSecurityGroups/TheNexus-nsg",
            "location": "uksouth",
            "name": "TheNexus-nsg",
            "resource_group_name": "TheNexus-resources-g",
            "security_rule": [
              {
                "access": "Allow",
                "description": "",
                "destination_address_prefix": "*",
                "destination_address_prefixes": [],
                "destination_application_security_group_ids": [],
                "destination_port_range": "22",
                "destination_port_ranges": [],
                "direction": "Inbound",
                "name": "SSH",
                "priority": 100,
                "protocol": "Tcp",
                "source_address_prefix": "*",
                "source_address_prefixes": [],
                "source_application_security_group_ids": [],
                "source_port_range": "*",
                "source_port_ranges": []
              },
              {
                "access": "Allow",
                "description": "",
                "destination_address_prefix": "*",
                "destination_address_prefixes": [],
                "destination_application_security_group_ids": [],
                "destination_port_range": "8080",
                "destination_port_ranges": [],
                "direction": "Inbound",
                "name": "HTTP",
                "priority": 200,
                "protocol": "Tcp",
                "source_address_prefix": "*",
                "source_address_prefixes": [],
                "source_application_security_group_ids": [],
                "source_port_range": "*",
                "source_port_ranges": []
              }
            ],
            "tags": {}
          },
          "depends_on": [
            "azurerm_resource_group.main"
          ]
        }
      ]
    },
    {
      "mode": "managed",
      "type": "azurerm_public_ip",
      "name": "main",
      "provider": "provider.azurerm",
      "instances": [
        {
          "schema_version": 0,
          "attributes": {
            "allocation_method": "Dynamic",
            "domain_name_label": "nexus-jenkins-28140739",
            "fqdn": "nexus-jenkins-28140739.uksouth.cloudapp.azure.com",
            "id": "/subscriptions/55aecc9a-398c-40e9-8b7a-4b2cb55fb191/resourceGroups/TheNexus-resources-g/providers/Microsoft.Network/publicIPAddresses/pubIP-jenkins",
            "idle_timeout_in_minutes": 4,
            "ip_address": "",
            "ip_version": "IPv4",
            "location": "uksouth",
            "name": "pubIP-jenkins",
            "public_ip_address_allocation": "Dynamic",
            "public_ip_prefix_id": null,
            "resource_group_name": "TheNexus-resources-g",
            "reverse_fqdn": "",
            "sku": "Basic",
            "tags": {},
            "zones": []
          },
          "private": "bnVsbA==",
          "depends_on": [
            "azurerm_resource_group.main"
          ]
        }
      ]
    },
    {
      "mode": "managed",
      "type": "azurerm_public_ip",
      "name": "pyserver",
      "provider": "provider.azurerm",
      "instances": [
        {
          "schema_version": 0,
          "attributes": {
            "allocation_method": "Dynamic",
            "domain_name_label": "nexus-pyserver-28140739",
            "fqdn": "nexus-pyserver-28140739.uksouth.cloudapp.azure.com",
            "id": "/subscriptions/55aecc9a-398c-40e9-8b7a-4b2cb55fb191/resourceGroups/TheNexus-resources-g/providers/Microsoft.Network/publicIPAddresses/pubIP-pyserver",
            "idle_timeout_in_minutes": 4,
            "ip_address": "",
            "ip_version": "IPv4",
            "location": "uksouth",
            "name": "pubIP-pyserver",
            "public_ip_address_allocation": "Dynamic",
            "public_ip_prefix_id": null,
            "resource_group_name": "TheNexus-resources-g",
            "reverse_fqdn": "",
            "sku": "Basic",
            "tags": {},
            "zones": []
          },
          "private": "bnVsbA==",
          "depends_on": [
            "azurerm_resource_group.main"
          ]
        }
      ]
    },
    {
      "mode": "managed",
      "type": "azurerm_public_ip",
      "name": "slave",
      "provider": "provider.azurerm",
      "instances": [
        {
          "schema_version": 0,
          "attributes": {
            "allocation_method": "Dynamic",
            "domain_name_label": "nexus-slave-28140739",
            "fqdn": "nexus-slave-28140739.uksouth.cloudapp.azure.com",
            "id": "/subscriptions/55aecc9a-398c-40e9-8b7a-4b2cb55fb191/resourceGroups/TheNexus-resources-g/providers/Microsoft.Network/publicIPAddresses/pubIP-slave",
            "idle_timeout_in_minutes": 4,
            "ip_address": "",
            "ip_version": "IPv4",
            "location": "uksouth",
            "name": "pubIP-slave",
            "public_ip_address_allocation": "Dynamic",
            "public_ip_prefix_id": null,
            "resource_group_name": "TheNexus-resources-g",
            "reverse_fqdn": "",
            "sku": "Basic",
            "tags": {},
            "zones": []
          },
          "private": "bnVsbA==",
          "depends_on": [
            "azurerm_resource_group.main"
          ]
        }
      ]
    },
    {
      "mode": "managed",
      "type": "azurerm_resource_group",
      "name": "main",
      "provider": "provider.azurerm",
      "instances": [
        {
          "schema_version": 0,
          "attributes": {
            "id": "/subscriptions/55aecc9a-398c-40e9-8b7a-4b2cb55fb191/resourceGroups/TheNexus-resources-g",
            "location": "uksouth",
            "name": "TheNexus-resources-g",
            "tags": {}
          }
        }
      ]
    },
    {
      "mode": "managed",
      "type": "azurerm_subnet",
      "name": "internal",
      "provider": "provider.azurerm",
      "instances": [
        {
          "schema_version": 0,
          "attributes": {
            "address_prefix": "10.0.2.0/24",
            "delegation": [],
            "id": "/subscriptions/55aecc9a-398c-40e9-8b7a-4b2cb55fb191/resourceGroups/TheNexus-resources-g/providers/Microsoft.Network/virtualNetworks/TheNexus-network/subnets/internal",
            "ip_configurations": [
              "/subscriptions/55aecc9a-398c-40e9-8b7a-4b2cb55fb191/resourceGroups/TheNexus-resources-g/providers/Microsoft.Network/networkInterfaces/TheNexus-nic/ipConfigurations/ipconfiguration"
            ],
            "name": "internal",
            "network_security_group_id": "",
            "resource_group_name": "TheNexus-resources-g",
            "route_table_id": "",
            "service_endpoints": [],
            "virtual_network_name": "TheNexus-network"
          },
          "depends_on": [
            "azurerm_resource_group.main",
            "azurerm_virtual_network.main"
          ]
        }
      ]
    },
    {
      "mode": "managed",
      "type": "azurerm_virtual_machine",
      "name": "pyserver",
      "provider": "provider.azurerm",
      "instances": []
    },
    {
      "mode": "managed",
      "type": "azurerm_virtual_machine",
      "name": "slave",
      "provider": "provider.azurerm",
      "instances": []
    },
    {
      "mode": "managed",
      "type": "azurerm_virtual_network",
      "name": "main",
      "provider": "provider.azurerm",
      "instances": [
        {
          "schema_version": 0,
          "attributes": {
            "address_space": [
              "10.0.0.0/16"
            ],
            "ddos_protection_plan": [],
            "dns_servers": [],
            "id": "/subscriptions/55aecc9a-398c-40e9-8b7a-4b2cb55fb191/resourceGroups/TheNexus-resources-g/providers/Microsoft.Network/virtualNetworks/TheNexus-network",
            "location": "uksouth",
            "name": "TheNexus-network",
            "resource_group_name": "TheNexus-resources-g",
            "subnet": [
              {
                "address_prefix": "10.0.2.0/24",
                "id": "/subscriptions/55aecc9a-398c-40e9-8b7a-4b2cb55fb191/resourceGroups/TheNexus-resources-g/providers/Microsoft.Network/virtualNetworks/TheNexus-network/subnets/internal",
                "name": "internal",
                "security_group": ""
              }
            ],
            "tags": {}
          },
          "depends_on": [
            "azurerm_resource_group.main"
          ]
        }
      ]
    }
  ]
}
