{
  "version": 4,
  "terraform_version": "0.12.3",
  "serial": 111,
  "lineage": "cdebdcdf-46b3-7324-0fe5-58d5d7715e53",
  "outputs": {},
  "resources": [
    {
      "mode": "managed",
      "type": "google_compute_firewall",
      "name": "default",
      "provider": "provider.google",
      "instances": [
        {
          "schema_version": 1,
          "attributes": {
            "allow": [
              {
                "ports": [
                  "22",
                  "5000"
                ],
                "protocol": "tcp"
              },
              {
                "ports": [],
                "protocol": "icmp"
              }
            ],
            "creation_timestamp": "2019-07-12T07:11:01.707-07:00",
            "deny": [],
            "description": "",
            "destination_ranges": [],
            "direction": "INGRESS",
            "disabled": false,
            "id": "nexus-but-firewall",
            "name": "nexus-but-firewall",
            "network": "https://www.googleapis.com/compute/v1/projects/terraforming-setup/global/networks/default",
            "priority": 1000,
            "project": "terraforming-setup",
            "self_link": "https://www.googleapis.com/compute/v1/projects/terraforming-setup/global/firewalls/nexus-but-firewall",
            "source_ranges": [
              "0.0.0.0/0"
            ],
            "source_service_accounts": null,
            "source_tags": null,
            "target_service_accounts": null,
            "target_tags": [
              "http-server",
              "https-server",
              "nexus-but-jenkins",
              "nexus-but-main",
              "nexus-but-python"
            ],
            "timeouts": null
          },
          "private": "eyJlMmJmYjczMC1lY2FhLTExZTYtOGY4OC0zNDM2M2JjN2M0YzAiOnsiY3JlYXRlIjoyNDAwMDAwMDAwMDAsImRlbGV0ZSI6MjQwMDAwMDAwMDAwLCJ1cGRhdGUiOjI0MDAwMDAwMDAwMH0sInNjaGVtYV92ZXJzaW9uIjoiMSJ9"
        }
      ]
    },
    {
      "mode": "managed",
      "type": "google_compute_instance",
      "name": "jenkins",
      "provider": "provider.google",
      "instances": [
        {
          "schema_version": 6,
          "attributes": {
            "allow_stopping_for_update": null,
            "attached_disk": [],
            "boot_disk": [
              {
                "auto_delete": true,
                "device_name": "persistent-disk-0",
                "disk_encryption_key_raw": "",
                "disk_encryption_key_sha256": "",
                "initialize_params": [
                  {
                    "image": "https://www.googleapis.com/compute/v1/projects/ubuntu-os-cloud/global/images/ubuntu-1810-cosmic-v20190628",
                    "size": 10,
                    "type": "pd-standard"
                  }
                ],
                "kms_key_self_link": "",
                "source": "https://www.googleapis.com/compute/v1/projects/terraforming-setup/zones/europe-west2-c/disks/nexus-but-jenkins"
              }
            ],
            "can_ip_forward": false,
            "cpu_platform": "Intel Broadwell",
            "deletion_protection": false,
            "description": null,
            "disk": [],
            "guest_accelerator": [],
            "hostname": "",
            "id": "nexus-but-jenkins",
            "instance_id": "9013423025336691224",
            "label_fingerprint": "42WmSpB8rSM=",
            "labels": null,
            "machine_type": "f1-micro",
            "metadata": {
              "sshKeys": "terraform:ssh-rsa AAAAB3NzaC1yc2EAAAADAQABAAABAQDFh+uAQLWG1gqqq8MELnxj44EenRPTVug4FkdH+FCEHAdb8gjRtG4jzf+3w5rjBBW9+Tj/q1xyDff01MUCfDk+0QZ4+1PgkSDy6uUlL0+VyuCoO7DxAuFpUA9f8hErZrR+Fp4IWuTeSvmhBKSfx8W7EQK+d7Oqrp1zhL7Q/r5JpsHTZMZFk+d5VasgXR216jGEMt1hm+bS6mX4UcMWiek86A+auOGyY15DHDr5jWXduHonynYltuTDq6J7siujPdNxLdQhfMMJj8k/3+5n18Miv/Xx92xAfGRLwzMq2gAOMWJJkzAN6qosZnjMX8/c9mCLxDrwlmiPkRiD4idQGUwR d_kanidis7k@nexusbutlinux\n"
            },
            "metadata_fingerprint": "9dXmV_irkpA=",
            "metadata_startup_script": "",
            "min_cpu_platform": "",
            "name": "nexus-but-jenkins",
            "network_interface": [
              {
                "access_config": [
                  {
                    "assigned_nat_ip": "",
                    "nat_ip": "35.197.231.147",
                    "network_tier": "PREMIUM",
                    "public_ptr_domain_name": ""
                  }
                ],
                "address": "",
                "alias_ip_range": [],
                "name": "nic0",
                "network": "https://www.googleapis.com/compute/v1/projects/terraforming-setup/global/networks/default",
                "network_ip": "10.154.0.30",
                "subnetwork": "https://www.googleapis.com/compute/v1/projects/terraforming-setup/regions/europe-west2/subnetworks/default",
                "subnetwork_project": "terraforming-setup"
              }
            ],
            "project": "terraforming-setup",
            "scheduling": [
              {
                "automatic_restart": true,
                "node_affinities": [],
                "on_host_maintenance": "MIGRATE",
                "preemptible": false
              }
            ],
            "scratch_disk": [],
            "self_link": "https://www.googleapis.com/compute/v1/projects/terraforming-setup/zones/europe-west2-c/instances/nexus-but-jenkins",
            "service_account": [],
            "shielded_instance_config": [],
            "tags": [
              "nexus-but"
            ],
            "tags_fingerprint": "rtDxHZW3QHM=",
            "timeouts": null,
            "zone": "europe-west2-c"
          },
          "private": "eyJlMmJmYjczMC1lY2FhLTExZTYtOGY4OC0zNDM2M2JjN2M0YzAiOnsiY3JlYXRlIjoxMjAwMDAwMDAwMDAwLCJkZWxldGUiOjEyMDAwMDAwMDAwMDAsInVwZGF0ZSI6MTIwMDAwMDAwMDAwMH0sInNjaGVtYV92ZXJzaW9uIjoiNiJ9"
        }
      ]
    },
    {
      "mode": "managed",
      "type": "google_compute_instance",
      "name": "main",
      "provider": "provider.google",
      "instances": [
        {
          "schema_version": 6,
          "attributes": {
            "allow_stopping_for_update": null,
            "attached_disk": [],
            "boot_disk": [
              {
                "auto_delete": true,
                "device_name": "persistent-disk-0",
                "disk_encryption_key_raw": "",
                "disk_encryption_key_sha256": "",
                "initialize_params": [
                  {
                    "image": "https://www.googleapis.com/compute/v1/projects/ubuntu-os-cloud/global/images/ubuntu-1810-cosmic-v20190628",
                    "size": 10,
                    "type": "pd-standard"
                  }
                ],
                "kms_key_self_link": "",
                "source": "https://www.googleapis.com/compute/v1/projects/terraforming-setup/zones/europe-west2-c/disks/nexus-but-main"
              }
            ],
            "can_ip_forward": false,
            "cpu_platform": "Intel Broadwell",
            "deletion_protection": false,
            "description": null,
            "disk": [],
            "guest_accelerator": [],
            "hostname": "",
            "id": "nexus-but-main",
            "instance_id": "7996479545371077144",
            "label_fingerprint": "42WmSpB8rSM=",
            "labels": null,
            "machine_type": "f1-micro",
            "metadata": {
              "sshKeys": "terraform:ssh-rsa AAAAB3NzaC1yc2EAAAADAQABAAABAQDFh+uAQLWG1gqqq8MELnxj44EenRPTVug4FkdH+FCEHAdb8gjRtG4jzf+3w5rjBBW9+Tj/q1xyDff01MUCfDk+0QZ4+1PgkSDy6uUlL0+VyuCoO7DxAuFpUA9f8hErZrR+Fp4IWuTeSvmhBKSfx8W7EQK+d7Oqrp1zhL7Q/r5JpsHTZMZFk+d5VasgXR216jGEMt1hm+bS6mX4UcMWiek86A+auOGyY15DHDr5jWXduHonynYltuTDq6J7siujPdNxLdQhfMMJj8k/3+5n18Miv/Xx92xAfGRLwzMq2gAOMWJJkzAN6qosZnjMX8/c9mCLxDrwlmiPkRiD4idQGUwR d_kanidis7k@nexusbutlinux\n"
            },
            "metadata_fingerprint": "9dXmV_irkpA=",
            "metadata_startup_script": "",
            "min_cpu_platform": "",
            "name": "nexus-but-main",
            "network_interface": [
              {
                "access_config": [
                  {
                    "assigned_nat_ip": "",
                    "nat_ip": "35.246.86.52",
                    "network_tier": "PREMIUM",
                    "public_ptr_domain_name": ""
                  }
                ],
                "address": "",
                "alias_ip_range": [],
                "name": "nic0",
                "network": "https://www.googleapis.com/compute/v1/projects/terraforming-setup/global/networks/default",
                "network_ip": "10.154.0.31",
                "subnetwork": "https://www.googleapis.com/compute/v1/projects/terraforming-setup/regions/europe-west2/subnetworks/default",
                "subnetwork_project": "terraforming-setup"
              }
            ],
            "project": "terraforming-setup",
            "scheduling": [
              {
                "automatic_restart": true,
                "node_affinities": [],
                "on_host_maintenance": "MIGRATE",
                "preemptible": false
              }
            ],
            "scratch_disk": [],
            "self_link": "https://www.googleapis.com/compute/v1/projects/terraforming-setup/zones/europe-west2-c/instances/nexus-but-main",
            "service_account": [],
            "shielded_instance_config": [],
            "tags": [
              "nexus-but"
            ],
            "tags_fingerprint": "rtDxHZW3QHM=",
            "timeouts": null,
            "zone": "europe-west2-c"
          },
          "private": "eyJlMmJmYjczMC1lY2FhLTExZTYtOGY4OC0zNDM2M2JjN2M0YzAiOnsiY3JlYXRlIjoxMjAwMDAwMDAwMDAwLCJkZWxldGUiOjEyMDAwMDAwMDAwMDAsInVwZGF0ZSI6MTIwMDAwMDAwMDAwMH0sInNjaGVtYV92ZXJzaW9uIjoiNiJ9"
        }
      ]
    },
    {
      "mode": "managed",
      "type": "google_compute_instance",
      "name": "python",
      "provider": "provider.google",
      "instances": [
        {
          "schema_version": 6,
          "attributes": {
            "allow_stopping_for_update": null,
            "attached_disk": [],
            "boot_disk": [
              {
                "auto_delete": true,
                "device_name": "persistent-disk-0",
                "disk_encryption_key_raw": "",
                "disk_encryption_key_sha256": "",
                "initialize_params": [
                  {
                    "image": "https://www.googleapis.com/compute/v1/projects/ubuntu-os-cloud/global/images/ubuntu-1810-cosmic-v20190628",
                    "size": 10,
                    "type": "pd-standard"
                  }
                ],
                "kms_key_self_link": "",
                "source": "https://www.googleapis.com/compute/v1/projects/terraforming-setup/zones/europe-west2-c/disks/nexus-but-python"
              }
            ],
            "can_ip_forward": false,
            "cpu_platform": "Intel Broadwell",
            "deletion_protection": false,
            "description": null,
            "disk": [],
            "guest_accelerator": [],
            "hostname": "",
            "id": "nexus-but-python",
            "instance_id": "321669121119169048",
            "label_fingerprint": "42WmSpB8rSM=",
            "labels": null,
            "machine_type": "f1-micro",
            "metadata": {
              "sshKeys": "terraform:ssh-rsa AAAAB3NzaC1yc2EAAAADAQABAAABAQDFh+uAQLWG1gqqq8MELnxj44EenRPTVug4FkdH+FCEHAdb8gjRtG4jzf+3w5rjBBW9+Tj/q1xyDff01MUCfDk+0QZ4+1PgkSDy6uUlL0+VyuCoO7DxAuFpUA9f8hErZrR+Fp4IWuTeSvmhBKSfx8W7EQK+d7Oqrp1zhL7Q/r5JpsHTZMZFk+d5VasgXR216jGEMt1hm+bS6mX4UcMWiek86A+auOGyY15DHDr5jWXduHonynYltuTDq6J7siujPdNxLdQhfMMJj8k/3+5n18Miv/Xx92xAfGRLwzMq2gAOMWJJkzAN6qosZnjMX8/c9mCLxDrwlmiPkRiD4idQGUwR d_kanidis7k@nexusbutlinux\n"
            },
            "metadata_fingerprint": "9dXmV_irkpA=",
            "metadata_startup_script": "",
            "min_cpu_platform": "",
            "name": "nexus-but-python",
            "network_interface": [
              {
                "access_config": [
                  {
                    "assigned_nat_ip": "",
                    "nat_ip": "35.246.16.164",
                    "network_tier": "PREMIUM",
                    "public_ptr_domain_name": ""
                  }
                ],
                "address": "",
                "alias_ip_range": [],
                "name": "nic0",
                "network": "https://www.googleapis.com/compute/v1/projects/terraforming-setup/global/networks/default",
                "network_ip": "10.154.0.32",
                "subnetwork": "https://www.googleapis.com/compute/v1/projects/terraforming-setup/regions/europe-west2/subnetworks/default",
                "subnetwork_project": "terraforming-setup"
              }
            ],
            "project": "terraforming-setup",
            "scheduling": [
              {
                "automatic_restart": true,
                "node_affinities": [],
                "on_host_maintenance": "MIGRATE",
                "preemptible": false
              }
            ],
            "scratch_disk": [],
            "self_link": "https://www.googleapis.com/compute/v1/projects/terraforming-setup/zones/europe-west2-c/instances/nexus-but-python",
            "service_account": [],
            "shielded_instance_config": [],
            "tags": [
              "nexus-but"
            ],
            "tags_fingerprint": "rtDxHZW3QHM=",
            "timeouts": null,
            "zone": "europe-west2-c"
          },
          "private": "eyJlMmJmYjczMC1lY2FhLTExZTYtOGY4OC0zNDM2M2JjN2M0YzAiOnsiY3JlYXRlIjoxMjAwMDAwMDAwMDAwLCJkZWxldGUiOjEyMDAwMDAwMDAwMDAsInVwZGF0ZSI6MTIwMDAwMDAwMDAwMH0sInNjaGVtYV92ZXJzaW9uIjoiNiJ9"
        }
      ]
    }
  ]
}
